version = 1
revision = 3
requires-python = ">=3.13"

[[package]]
name = "alchemy"
version = "0.1.0"
source = { virtual = "." }
dependencies = [
    { name = "mammoth" },
]

[package.metadata]
requires-dist = [{ name = "mammoth", specifier = ">=1.11.0" }]

[[package]]
name = "cobble"
version = "0.1.4"
source = { registry = "https://pypi.org/simple" }
sdist = { url = "https://files.pythonhosted.org/packages/54/7a/a507c709be2c96e1bb6102eb7b7f4026c5e5e223ef7d745a17d239e9d844/cobble-0.1.4.tar.gz", hash = "sha256:de38be1539992c8a06e569630717c485a5f91be2192c461ea2b220607dfa78aa", size = 3805, upload-time = "2024-06-01T18:11:09.528Z" }
wheels = [
    { url = "https://files.pythonhosted.org/packages/d5/e1/3714a2f371985215c219c2a70953d38e3eed81ef165aed061d21de0e998b/cobble-0.1.4-py3-none-any.whl", hash = "sha256:36c91b1655e599fd428e2b95fdd5f0da1ca2e9f1abb0bc871dec21a0e78a2b44", size = 3984, upload-time = "2024-06-01T18:11:07.911Z" },
]

[[package]]
name = "mammoth"
version = "1.11.0"
source = { registry = "https://pypi.org/simple" }
dependencies = [
    { name = "cobble" },
]
sdist = { url = "https://files.pythonhosted.org/packages/ed/3c/a58418d2af00f2da60d4a51e18cd0311307b72d48d2fffec36a97b4a5e44/mammoth-1.11.0.tar.gz", hash = "sha256:a0f59e442f34d5b6447f4b0999306cbf3e67aaabfa8cb516f878fb1456744637", size = 53142, upload-time = "2025-09-19T10:35:20.373Z" }
wheels = [
    { url = "https://files.pythonhosted.org/packages/ca/54/2e39566a131b13f6d8d193f974cb6a34e81bb7cc2fa6f7e03de067b36588/mammoth-1.11.0-py2.py3-none-any.whl", hash = "sha256:c077ab0d450bd7c0c6ecd529a23bf7e0fa8190c929e28998308ff4eada3f063b", size = 54752, upload-time = "2025-09-19T10:35:18.699Z" },
]
